// !$*UTF8*$!
{
	archiveVersion = 1;
	classes = {
	};
	objectVersion = 45;
	objects = {

/* Begin PBXBuildFile section */
		62708CC112297B5000DA149B /* UIView+TAToolkitAdditions.h in Headers */ = {isa = PBXBuildFile; fileRef = 62708CBF12297B5000DA149B /* UIView+TAToolkitAdditions.h */; };
		62708CC212297B5000DA149B /* UIView+TAToolkitAdditions.m in Sources */ = {isa = PBXBuildFile; fileRef = 62708CC012297B5000DA149B /* UIView+TAToolkitAdditions.m */; };
		62708CCE12297BE000DA149B /* QuartzCore.framework in Frameworks */ = {isa = PBXBuildFile; fileRef = 62708CCD12297BE000DA149B /* QuartzCore.framework */; };
		62708CD612297C0C00DA149B /* UIKit.framework in Frameworks */ = {isa = PBXBuildFile; fileRef = 62708CD512297C0C00DA149B /* UIKit.framework */; };
		62708DD21229852700DA149B /* TAToolkit.h in Headers */ = {isa = PBXBuildFile; fileRef = 62708DD11229852700DA149B /* TAToolkit.h */; };
		62709A36122ADCA600DA149B /* TAViewController.m in Sources */ = {isa = PBXBuildFile; fileRef = 62709A34122ADCA600DA149B /* TAViewController.m */; };
		62709A37122ADCA600DA149B /* TAViewController.h in Headers */ = {isa = PBXBuildFile; fileRef = 62709A35122ADCA600DA149B /* TAViewController.h */; };
		62709A3B122ADCB600DA149B /* Common.m in Sources */ = {isa = PBXBuildFile; fileRef = 62709A39122ADCB600DA149B /* Common.m */; };
		62709A3C122ADCB600DA149B /* Common.h in Headers */ = {isa = PBXBuildFile; fileRef = 62709A3A122ADCB600DA149B /* Common.h */; };
		AA747D9F0F9514B9006C5449 /* TAToolkit_Prefix.pch in Headers */ = {isa = PBXBuildFile; fileRef = AA747D9E0F9514B9006C5449 /* TAToolkit_Prefix.pch */; };
		AACBBE4A0F95108600F1A2B1 /* Foundation.framework in Frameworks */ = {isa = PBXBuildFile; fileRef = AACBBE490F95108600F1A2B1 /* Foundation.framework */; };
/* End PBXBuildFile section */

/* Begin PBXFileReference section */
		62708CBF12297B5000DA149B /* UIView+TAToolkitAdditions.h */ = {isa = PBXFileReference; fileEncoding = 4; lastKnownFileType = sourcecode.c.h; path = "UIView+TAToolkitAdditions.h"; sourceTree = "<group>"; };
		62708CC012297B5000DA149B /* UIView+TAToolkitAdditions.m */ = {isa = PBXFileReference; fileEncoding = 4; lastKnownFileType = sourcecode.c.objc; path = "UIView+TAToolkitAdditions.m"; sourceTree = "<group>"; };
		62708CCD12297BE000DA149B /* QuartzCore.framework */ = {isa = PBXFileReference; lastKnownFileType = wrapper.framework; name = QuartzCore.framework; path = System/Library/Frameworks/QuartzCore.framework; sourceTree = SDKROOT; };
		62708CD512297C0C00DA149B /* UIKit.framework */ = {isa = PBXFileReference; lastKnownFileType = wrapper.framework; name = UIKit.framework; path = System/Library/Frameworks/UIKit.framework; sourceTree = SDKROOT; };
		62708DD11229852700DA149B /* TAToolkit.h */ = {isa = PBXFileReference; fileEncoding = 4; lastKnownFileType = sourcecode.c.h; path = TAToolkit.h; sourceTree = "<group>"; };
		62709A34122ADCA600DA149B /* TAViewController.m */ = {isa = PBXFileReference; fileEncoding = 4; lastKnownFileType = sourcecode.c.objc; path = TAViewController.m; sourceTree = "<group>"; };
		62709A35122ADCA600DA149B /* TAViewController.h */ = {isa = PBXFileReference; fileEncoding = 4; lastKnownFileType = sourcecode.c.h; path = TAViewController.h; sourceTree = "<group>"; };
		62709A39122ADCB600DA149B /* Common.m */ = {isa = PBXFileReference; fileEncoding = 4; lastKnownFileType = sourcecode.c.objc; path = Common.m; sourceTree = "<group>"; };
		62709A3A122ADCB600DA149B /* Common.h */ = {isa = PBXFileReference; fileEncoding = 4; lastKnownFileType = sourcecode.c.h; path = Common.h; sourceTree = "<group>"; };
		AA747D9E0F9514B9006C5449 /* TAToolkit_Prefix.pch */ = {isa = PBXFileReference; fileEncoding = 4; lastKnownFileType = sourcecode.c.h; path = TAToolkit_Prefix.pch; sourceTree = SOURCE_ROOT; };
		AACBBE490F95108600F1A2B1 /* Foundation.framework */ = {isa = PBXFileReference; lastKnownFileType = wrapper.framework; name = Foundation.framework; path = System/Library/Frameworks/Foundation.framework; sourceTree = SDKROOT; };
		D2AAC07E0554694100DB518D /* libTAToolkit.a */ = {isa = PBXFileReference; explicitFileType = archive.ar; includeInIndex = 0; path = libTAToolkit.a; sourceTree = BUILT_PRODUCTS_DIR; };
/* End PBXFileReference section */

/* Begin PBXFrameworksBuildPhase section */
		D2AAC07C0554694100DB518D /* Frameworks */ = {
			isa = PBXFrameworksBuildPhase;
			buildActionMask = 2147483647;
			files = (
				AACBBE4A0F95108600F1A2B1 /* Foundation.framework in Frameworks */,
				62708CCE12297BE000DA149B /* QuartzCore.framework in Frameworks */,
				62708CD612297C0C00DA149B /* UIKit.framework in Frameworks */,
			);
			runOnlyForDeploymentPostprocessing = 0;
		};
/* End PBXFrameworksBuildPhase section */

/* Begin PBXGroup section */
		034768DFFF38A50411DB9C8B /* Products */ = {
			isa = PBXGroup;
			children = (
				D2AAC07E0554694100DB518D /* libTAToolkit.a */,
			);
			name = Products;
			sourceTree = "<group>";
		};
		0867D691FE84028FC02AAC07 /* TAToolkit */ = {
			isa = PBXGroup;
			children = (
				08FB77AEFE84172EC02AAC07 /* Classes */,
				32C88DFF0371C24200C91783 /* Other Sources */,
				0867D69AFE84028FC02AAC07 /* Frameworks */,
				034768DFFF38A50411DB9C8B /* Products */,
			);
			name = TAToolkit;
			sourceTree = "<group>";
		};
		0867D69AFE84028FC02AAC07 /* Frameworks */ = {
			isa = PBXGroup;
			children = (
				62708CD512297C0C00DA149B /* UIKit.framework */,
				AACBBE490F95108600F1A2B1 /* Foundation.framework */,
				62708CCD12297BE000DA149B /* QuartzCore.framework */,
			);
			name = Frameworks;
			sourceTree = "<group>";
		};
		08FB77AEFE84172EC02AAC07 /* Classes */ = {
			isa = PBXGroup;
			children = (
				62709A38122ADCA900DA149B /* Common */,
				62709A33122ADC9500DA149B /* View Controllers */,
				62709A31122ADC8800DA149B /* Categories */,
				62708DD11229852700DA149B /* TAToolkit.h */,
			);
			name = Classes;
			sourceTree = "<group>";
		};
		32C88DFF0371C24200C91783 /* Other Sources */ = {
			isa = PBXGroup;
			children = (
				AA747D9E0F9514B9006C5449 /* TAToolkit_Prefix.pch */,
			);
			name = "Other Sources";
			sourceTree = "<group>";
		};
		62709A31122ADC8800DA149B /* Categories */ = {
			isa = PBXGroup;
			children = (
				62709A32122ADC9100DA149B /* UIKit */,
			);
			name = Categories;
			sourceTree = "<group>";
		};
		62709A32122ADC9100DA149B /* UIKit */ = {
			isa = PBXGroup;
			children = (
				62708CBF12297B5000DA149B /* UIView+TAToolkitAdditions.h */,
				62708CC012297B5000DA149B /* UIView+TAToolkitAdditions.m */,
			);
			name = UIKit;
			sourceTree = "<group>";
		};
		62709A33122ADC9500DA149B /* View Controllers */ = {
			isa = PBXGroup;
			children = (
				62709A34122ADCA600DA149B /* TAViewController.m */,
				62709A35122ADCA600DA149B /* TAViewController.h */,
			);
			name = "View Controllers";
			sourceTree = "<group>";
		};
		62709A38122ADCA900DA149B /* Common */ = {
			isa = PBXGroup;
			children = (
				62709A39122ADCB600DA149B /* Common.m */,
				62709A3A122ADCB600DA149B /* Common.h */,
			);
			name = Common;
			sourceTree = "<group>";
		};
/* End PBXGroup section */

/* Begin PBXHeadersBuildPhase section */
		D2AAC07A0554694100DB518D /* Headers */ = {
			isa = PBXHeadersBuildPhase;
			buildActionMask = 2147483647;
			files = (
				AA747D9F0F9514B9006C5449 /* TAToolkit_Prefix.pch in Headers */,
				62708CC112297B5000DA149B /* UIView+TAToolkitAdditions.h in Headers */,
				62708DD21229852700DA149B /* TAToolkit.h in Headers */,
				62709A37122ADCA600DA149B /* TAViewController.h in Headers */,
				62709A3C122ADCB600DA149B /* Common.h in Headers */,
			);
			runOnlyForDeploymentPostprocessing = 0;
		};
/* End PBXHeadersBuildPhase section */

/* Begin PBXNativeTarget section */
		D2AAC07D0554694100DB518D /* TAToolkit */ = {
			isa = PBXNativeTarget;
			buildConfigurationList = 1DEB921E08733DC00010E9CD /* Build configuration list for PBXNativeTarget "TAToolkit" */;
			buildPhases = (
				D2AAC07A0554694100DB518D /* Headers */,
				D2AAC07B0554694100DB518D /* Sources */,
				D2AAC07C0554694100DB518D /* Frameworks */,
			);
			buildRules = (
			);
			dependencies = (
			);
			name = TAToolkit;
			productName = TAToolkit;
			productReference = D2AAC07E0554694100DB518D /* libTAToolkit.a */;
			productType = "com.apple.product-type.library.static";
		};
/* End PBXNativeTarget section */

/* Begin PBXProject section */
		0867D690FE84028FC02AAC07 /* Project object */ = {
			isa = PBXProject;
			buildConfigurationList = 1DEB922208733DC00010E9CD /* Build configuration list for PBXProject "TAToolkit" */;
			compatibilityVersion = "Xcode 3.1";
			hasScannedForEncodings = 1;
			mainGroup = 0867D691FE84028FC02AAC07 /* TAToolkit */;
			productRefGroup = 034768DFFF38A50411DB9C8B /* Products */;
			projectDirPath = "";
			projectRoot = "";
			targets = (
				D2AAC07D0554694100DB518D /* TAToolkit */,
			);
		};
/* End PBXProject section */

/* Begin PBXSourcesBuildPhase section */
		D2AAC07B0554694100DB518D /* Sources */ = {
			isa = PBXSourcesBuildPhase;
			buildActionMask = 2147483647;
			files = (
				62708CC212297B5000DA149B /* UIView+TAToolkitAdditions.m in Sources */,
				62709A36122ADCA600DA149B /* TAViewController.m in Sources */,
				62709A3B122ADCB600DA149B /* Common.m in Sources */,
			);
			runOnlyForDeploymentPostprocessing = 0;
		};
/* End PBXSourcesBuildPhase section */

/* Begin XCBuildConfiguration section */
		1DEB921F08733DC00010E9CD /* Debug */ = {
			isa = XCBuildConfiguration;
			buildSettings = {
				ALWAYS_SEARCH_USER_PATHS = NO;
				ARCHS = "$(ARCHS_STANDARD_32_BIT)";
				COPY_PHASE_STRIP = NO;
				DSTROOT = /tmp/TAToolkit.dst;
				GCC_DYNAMIC_NO_PIC = NO;
				GCC_ENABLE_FIX_AND_CONTINUE = YES;
				GCC_MODEL_TUNING = G5;
				GCC_OPTIMIZATION_LEVEL = 0;
				GCC_PRECOMPILE_PREFIX_HEADER = YES;
				GCC_PREFIX_HEADER = TAToolkit_Prefix.pch;
				INSTALL_PATH = /usr/local/lib;
				PRODUCT_NAME = TAToolkit;
				SDKROOT = iphonesimulator3.2;
			};
			name = Debug;
		};
		1DEB922008733DC00010E9CD /* Release */ = {
			isa = XCBuildConfiguration;
			buildSettings = {
				ALWAYS_SEARCH_USER_PATHS = NO;
				ARCHS = "$(ARCHS_STANDARD_32_BIT)";
				DSTROOT = /tmp/TAToolkit.dst;
				GCC_MODEL_TUNING = G5;
				GCC_PRECOMPILE_PREFIX_HEADER = YES;
				GCC_PREFIX_HEADER = TAToolkit_Prefix.pch;
				INSTALL_PATH = /usr/local/lib;
				PRODUCT_NAME = TAToolkit;
				SDKROOT = iphonesimulator3.2;
			};
			name = Release;
		};
		1DEB922308733DC00010E9CD /* Debug */ = {
			isa = XCBuildConfiguration;
			buildSettings = {
				ARCHS = "$(ARCHS_STANDARD_32_BIT)";
				GCC_C_LANGUAGE_STANDARD = c99;
				GCC_OPTIMIZATION_LEVEL = 0;
				GCC_WARN_ABOUT_RETURN_TYPE = YES;
				GCC_WARN_UNUSED_VARIABLE = YES;
				OTHER_LDFLAGS = "-ObjC";
				PREBINDING = NO;
				SDKROOT = iphoneos4.0;
			};
			name = Debug;
		};
		1DEB922408733DC00010E9CD /* Release */ = {
			isa = XCBuildConfiguration;
			buildSettings = {
				ARCHS = "$(ARCHS_STANDARD_32_BIT)";
				GCC_C_LANGUAGE_STANDARD = c99;
				GCC_WARN_ABOUT_RETURN_TYPE = YES;
				GCC_WARN_UNUSED_VARIABLE = YES;
				OTHER_LDFLAGS = "-ObjC";
				PREBINDING = NO;
				SDKROOT = iphoneos4.0;
			};
			name = Release;
		};
/* End XCBuildConfiguration section */

/* Begin XCConfigurationList section */
		1DEB921E08733DC00010E9CD /* Build configuration list for PBXNativeTarget "TAToolkit" */ = {
			isa = XCConfigurationList;
			buildConfigurations = (
				1DEB921F08733DC00010E9CD /* Debug */,
				1DEB922008733DC00010E9CD /* Release */,
			);
			defaultConfigurationIsVisible = 0;
			defaultConfigurationName = Release;
		};
		1DEB922208733DC00010E9CD /* Build configuration list for PBXProject "TAToolkit" */ = {
			isa = XCConfigurationList;
			buildConfigurations = (
				1DEB922308733DC00010E9CD /* Debug */,
				1DEB922408733DC00010E9CD /* Release */,
			);
			defaultConfigurationIsVisible = 0;
			defaultConfigurationName = Release;
		};
/* End XCConfigurationList section */
	};
	rootObject = 0867D690FE84028FC02AAC07 /* Project object */;
}
